
Microsoft Visual Studio Solution File, Format Version 12.00
# Visual Studio 15
VisualStudioVersion = 15.0.28307.757
MinimumVisualStudioVersion = 10.0.40219.1
Project("{FAE04EC0-301F-11D3-BF4B-00C04F79EFBC}") = "BOL", "BOL\BOL.csproj", "{AD854ED6-B06E-4276-8273-853668716D31}"
EndProject
Project("{FAE04EC0-301F-11D3-BF4B-00C04F79EFBC}") = "BLL", "BLL\BLL.csproj", "{6DABC75B-631B-4AB8-B453-EA1FCD754C34}"
EndProject
Project("{FAE04EC0-301F-11D3-BF4B-00C04F79EFBC}") = "DAL", "DAL\DAL.csproj", "{6BA0CC53-7139-4EAC-8FC6-92BC66243BDE}"
EndProject
Project("{FAE04EC0-301F-11D3-BF4B-00C04F79EFBC}") = "WebMVC", "WebMVC\WebMVC.csproj", "{1ED04B9F-9A88-45E2-ADEE-40756C4888B9}"
EndProject
Project("{FAE04EC0-301F-11D3-BF4B-00C04F79EFBC}") = "WebAPI", "WebAPI\WebAPI.csproj", "{5D26C8DA-F1BF-412E-8F35-3C71C82CDA01}"
EndProject
Global
	GlobalSection(SolutionConfigurationPlatforms) = preSolution
		Debug|Any CPU = Debug|Any CPU
		Release|Any CPU = Release|Any CPU
	EndGlobalSection
	GlobalSection(ProjectConfigurationPlatforms) = postSolution
		{AD854ED6-B06E-4276-8273-853668716D31}.Debug|Any CPU.ActiveCfg = Debug|Any CPU
		{AD854ED6-B06E-4276-8273-853668716D31}.Debug|Any CPU.Build.0 = Debug|Any CPU
		{AD854ED6-B06E-4276-8273-853668716D31}.Release|Any CPU.ActiveCfg = Release|Any CPU
		{AD854ED6-B06E-4276-8273-853668716D31}.Release|Any CPU.Build.0 = Release|Any CPU
		{6DABC75B-631B-4AB8-B453-EA1FCD754C34}.Debug|Any CPU.ActiveCfg = Debug|Any CPU
		{6DABC75B-631B-4AB8-B453-EA1FCD754C34}.Debug|Any CPU.Build.0 = Debug|Any CPU
		{6DABC75B-631B-4AB8-B453-EA1FCD754C34}.Release|Any CPU.ActiveCfg = Release|Any CPU
		{6DABC75B-631B-4AB8-B453-EA1FCD754C34}.Release|Any CPU.Build.0 = Release|Any CPU
		{6BA0CC53-7139-4EAC-8FC6-92BC66243BDE}.Debug|Any CPU.ActiveCfg = Debug|Any CPU
		{6BA0CC53-7139-4EAC-8FC6-92BC66243BDE}.Debug|Any CPU.Build.0 = Debug|Any CPU
		{6BA0CC53-7139-4EAC-8FC6-92BC66243BDE}.Release|Any CPU.ActiveCfg = Release|Any CPU
		{6BA0CC53-7139-4EAC-8FC6-92BC66243BDE}.Release|Any CPU.Build.0 = Release|Any CPU
		{1ED04B9F-9A88-45E2-ADEE-40756C4888B9}.Debug|Any CPU.ActiveCfg = Debug|Any CPU
		{1ED04B9F-9A88-45E2-ADEE-40756C4888B9}.Debug|Any CPU.Build.0 = Debug|Any CPU
		{1ED04B9F-9A88-45E2-ADEE-40756C4888B9}.Release|Any CPU.ActiveCfg = Release|Any CPU
		{1ED04B9F-9A88-45E2-ADEE-40756C4888B9}.Release|Any CPU.Build.0 = Release|Any CPU
		{5D26C8DA-F1BF-412E-8F35-3C71C82CDA01}.Debug|Any CPU.ActiveCfg = Debug|Any CPU
		{5D26C8DA-F1BF-412E-8F35-3C71C82CDA01}.Debug|Any CPU.Build.0 = Debug|Any CPU
		{5D26C8DA-F1BF-412E-8F35-3C71C82CDA01}.Release|Any CPU.ActiveCfg = Release|Any CPU
		{5D26C8DA-F1BF-412E-8F35-3C71C82CDA01}.Release|Any CPU.Build.0 = Release|Any CPU
	EndGlobalSection
	GlobalSection(SolutionProperties) = preSolution
		HideSolutionNode = FALSE
	EndGlobalSection
	GlobalSection(ExtensibilityGlobals) = postSolution
		SolutionGuid = {138491B3-616A-454F-B2C5-B184BF689811}
	EndGlobalSection
EndGlobal
